# Generated by qedgen — do not edit by hand.
# Tracks the resolved snapshot of every dep declared in qed.toml.

version = 1

[[dependency]]
name = "spl"
source = "builtin:spl"
spec_hash = "sha256:e31011c8eec86782db650b77f3f820037e241e2a0e8d23954b6e31d0de779ee6"
program_id = "TokenkegQfeZyiNwAJbNbGKPFXCWuBvf9Ss623VQ5DA"
upstream_binary_hash = "sha256:0000000000000000000000000000000000000000000000000000000000000000"
upstream_version = "4.0.3"
